
Microsoft Visual Studio Solution File, Format Version 12.00
# Visual Studio Version 17
VisualStudioVersion = 17.14.36127.28 d17.14
MinimumVisualStudioVersion = 10.0.40219.1
Project("{FAE04EC0-301F-11D3-BF4B-00C04F79EFBC}") = "Day01", "Day01\Day01.csproj", "{3469EEA1-E30B-4821-9FF5-9678D4E09C68}"
EndProject
Global
	GlobalSection(SolutionConfigurationPlatforms) = preSolution
		Debug|Any CPU = Debug|Any CPU
		Release|Any CPU = Release|Any CPU
	EndGlobalSection
	GlobalSection(ProjectConfigurationPlatforms) = postSolution
		{3469EEA1-E30B-4821-9FF5-9678D4E09C68}.Debug|Any CPU.ActiveCfg = Debug|Any CPU
		{3469EEA1-E30B-4821-9FF5-9678D4E09C68}.Debug|Any CPU.Build.0 = Debug|Any CPU
		{3469EEA1-E30B-4821-9FF5-9678D4E09C68}.Release|Any CPU.ActiveCfg = Release|Any CPU
		{3469EEA1-E30B-4821-9FF5-9678D4E09C68}.Release|Any CPU.Build.0 = Release|Any CPU
	EndGlobalSection
	GlobalSection(SolutionProperties) = preSolution
		HideSolutionNode = FALSE
	EndGlobalSection
	GlobalSection(ExtensibilityGlobals) = postSolution
		SolutionGuid = {E67C1507-D138-44D8-9910-AD1407C120B3}
	EndGlobalSection
EndGlobal
