
Microsoft Visual Studio Solution File, Format Version 12.00
# Visual Studio Version 17
VisualStudioVersion = 17.14.36127.28 d17.14
MinimumVisualStudioVersion = 10.0.40219.1
Project("{FAE04EC0-301F-11D3-BF4B-00C04F79EFBC}") = "Day03", "Day03\Day03.csproj", "{278619BF-41F6-40DA-9493-160E50FF3D98}"
EndProject
Global
	GlobalSection(SolutionConfigurationPlatforms) = preSolution
		Debug|Any CPU = Debug|Any CPU
		Release|Any CPU = Release|Any CPU
	EndGlobalSection
	GlobalSection(ProjectConfigurationPlatforms) = postSolution
		{278619BF-41F6-40DA-9493-160E50FF3D98}.Debug|Any CPU.ActiveCfg = Debug|Any CPU
		{278619BF-41F6-40DA-9493-160E50FF3D98}.Debug|Any CPU.Build.0 = Debug|Any CPU
		{278619BF-41F6-40DA-9493-160E50FF3D98}.Release|Any CPU.ActiveCfg = Release|Any CPU
		{278619BF-41F6-40DA-9493-160E50FF3D98}.Release|Any CPU.Build.0 = Release|Any CPU
	EndGlobalSection
	GlobalSection(SolutionProperties) = preSolution
		HideSolutionNode = FALSE
	EndGlobalSection
	GlobalSection(ExtensibilityGlobals) = postSolution
		SolutionGuid = {EB7E3BD4-91F4-4FC7-8ACB-D35AE1575AF6}
	EndGlobalSection
EndGlobal
